xirang-lock: 1
top: soc-mcu
packages:
- name: aclint
  version: 0.1.0
  kind: ip
  source:
    path: aclint
  digest: sha256:91a0028176e8fd715269c85a7d0cbb67
- name: amba
  version: 0.1.0
  kind: library
  source:
    path: amba
  digest: sha256:5e08761cf23a4bb5e16863abfeb5dc06
- name: gpio
  version: 0.1.0
  kind: ip
  source:
    path: gpio
  digest: sha256:b670276f223957346a6f811e7f7f036d
- name: hart
  version: 0.1.0
  kind: ip
  source:
    path: hart
  digest: sha256:81c29f377a03db899e2a2f1aee9d30df
- name: hwcore
  version: 0.1.0
  kind: library
  source:
    path: hwcore
  digest: sha256:858489a9c20e52516644993de4506cd8
- name: i2c
  version: 0.1.0
  kind: ip
  source:
    path: i2c
  digest: sha256:12165e613c8d68ee5e664c026902589d
- name: pinmux
  version: 0.1.0
  kind: ip
  source:
    path: pinmux
  digest: sha256:599727b0b2e09c9c647be07533132af4
- name: pwm
  version: 0.1.0
  kind: ip
  source:
    path: pwm
  digest: sha256:4b263555b19618bdbf94c3e78570a7fb
- name: rtc
  version: 0.1.0
  kind: ip
  source:
    path: rtc
  digest: sha256:7c1dddd71ac90a3ee3b9db6249e73acd
- name: soc-mcu
  version: 0.1.0
  kind: ip
  source:
    path: soc-mcu
  digest: sha256:b04240ecb501f87f149b19f893ab8ed7
- name: spi
  version: 0.1.0
  kind: ip
  source:
    path: spi
  digest: sha256:eec5196869614ccd9e8ec3128561122f
- name: sram
  version: 0.1.0
  kind: ip
  source:
    path: sram
  digest: sha256:cf3b06696a9bb4e1af0c8e9e3f6a821a
- name: timer
  version: 0.1.0
  kind: ip
  source:
    path: timer
  digest: sha256:5d4cbb78b93629fbc4b4d55a75082527
- name: uart
  version: 0.1.0
  kind: ip
  source:
    path: uart
  digest: sha256:37eea76a0bebf0b14b5d7930c7b32ead
- name: wdt
  version: 0.1.0
  kind: ip
  source:
    path: wdt
  digest: sha256:22ceec15904f73f0939300392d1cf82f
