xirang-lock: 1
top: soc-mcu
packages:
- name: aclint
  version: 0.1.0
  kind: ip
  source:
    path: aclint
  digest: sha256:c82e2c4d8a0b07f289df92a7142baa90
- name: amba
  version: 0.1.0
  kind: library
  source:
    path: amba
  digest: sha256:c5061feaa27b8aa1752119d0d163154c
- name: gpio
  version: 0.1.0
  kind: ip
  source:
    path: gpio
  digest: sha256:26868e7e9d9c51a1a1020d80aea8c6c7
- name: hart
  version: 0.1.0
  kind: ip
  source:
    path: hart
  digest: sha256:08b284e436ec04365fa388d0cd8ee3ec
- name: hwcore
  version: 0.1.0
  kind: library
  source:
    path: hwcore
  digest: sha256:056bc7c82ffae7f439c3f1916f846ac2
- name: i2c
  version: 0.1.0
  kind: ip
  source:
    path: i2c
  digest: sha256:b460ffad64b2b32f56c389d2596e49d3
- name: pinmux
  version: 0.1.0
  kind: ip
  source:
    path: pinmux
  digest: sha256:599727b0b2e09c9c647be07533132af4
- name: pwm
  version: 0.1.0
  kind: ip
  source:
    path: pwm
  digest: sha256:954ca8b2ffd36775acee4f8eb6a18e8a
- name: rtc
  version: 0.1.0
  kind: ip
  source:
    path: rtc
  digest: sha256:1d9334b2c42731db0a6de605de9d86d6
- name: soc-mcu
  version: 0.1.0
  kind: ip
  source:
    path: soc-mcu
  digest: sha256:e0738cf6663468b8bfc386469f1dc4c0
- name: spi
  version: 0.1.0
  kind: ip
  source:
    path: spi
  digest: sha256:62f9772d386c3e3c671d6568349852b9
- name: sram
  version: 0.1.0
  kind: ip
  source:
    path: sram
  digest: sha256:ad9c19f8c5900569d241f333b4186115
- name: timer
  version: 0.1.0
  kind: ip
  source:
    path: timer
  digest: sha256:abc4fd2702a65b9b2f2761e9621d4063
- name: uart
  version: 0.1.0
  kind: ip
  source:
    path: uart
  digest: sha256:37cccee7b789f61c9f54e5cd6e0b9a54
- name: wdt
  version: 0.1.0
  kind: ip
  source:
    path: wdt
  digest: sha256:7f1758d8b6c2001cbac0f7315cebec8c
